{
  "requires": true,
  "lockfileVersion": 1,
  "dependencies": {
    "counterup": {
      "version": "1.0.2",
      "resolved": "https://registry.npmjs.org/counterup/-/counterup-1.0.2.tgz",
      "integrity": "sha1-B9vh5dMYwXAtv/ir4l6aS4Jp3Hg=",
      "requires": {
        "jquery": ">=1.5",
        "waypoints": ">=2.0"
      }
    },
    "counterup2": {
      "version": "1.0.4",
      "resolved": "https://registry.npmjs.org/counterup2/-/counterup2-1.0.4.tgz",
      "integrity": "sha512-OXPt4cFxxC6g9J9r59cIwsZfTkXaR8eMVxUY2P6yviFclsx3QRbYtfqwtCb0a/Dz2y2ATy7hnpV4Y1LQsfurwQ=="
    },
    "jquery": {
      "version": "3.6.0",
      "resolved": "https://registry.npmjs.org/jquery/-/jquery-3.6.0.tgz",
      "integrity": "sha512-JVzAR/AjBvVt2BmYhxRCSYysDsPcssdmTFnzyLEts9qNwmjmu4JTAMYubEfwVOSwpQ1I1sKKFcxhZCI2buerfw=="
    },
    "jquery.counterup": {
      "version": "2.1.0",
      "resolved": "https://registry.npmjs.org/jquery.counterup/-/jquery.counterup-2.1.0.tgz",
      "integrity": "sha1-lmZdAUYDItbSMg+p3eMBPMfRL2A=",
      "requires": {
        "jquery": ">=1.5.0",
        "waypoints": ">=3.0"
      }
    },
    "waypoints": {
      "version": "4.0.1",
      "resolved": "https://registry.npmjs.org/waypoints/-/waypoints-4.0.1.tgz",
      "integrity": "sha1-CZeaBXOBCylifLpDZqKEoGLsacg="
    }
  }
}
